
Microsoft Visual Studio Solution File, Format Version 12.00
# Visual Studio 15
VisualStudioVersion = 15.0.28307.421
MinimumVisualStudioVersion = 10.0.40219.1
Project("{888888A0-9F3D-457C-B088-3A5042F75D52}") = "Kline_AlgorithmsHW3", "Kline_AlgorithmsHW3\Kline_AlgorithmsHW3.pyproj", "{AACF6A6B-05B0-4988-9F28-5EE188FE140B}"
EndProject
Global
	GlobalSection(SolutionConfigurationPlatforms) = preSolution
		Debug|Any CPU = Debug|Any CPU
		Release|Any CPU = Release|Any CPU
	EndGlobalSection
	GlobalSection(ProjectConfigurationPlatforms) = postSolution
		{AACF6A6B-05B0-4988-9F28-5EE188FE140B}.Debug|Any CPU.ActiveCfg = Debug|Any CPU
		{AACF6A6B-05B0-4988-9F28-5EE188FE140B}.Release|Any CPU.ActiveCfg = Release|Any CPU
	EndGlobalSection
	GlobalSection(SolutionProperties) = preSolution
		HideSolutionNode = FALSE
	EndGlobalSection
	GlobalSection(ExtensibilityGlobals) = postSolution
		SolutionGuid = {A88D6462-CB23-425B-977B-56A2091445C5}
	EndGlobalSection
EndGlobal
